
Microsoft Visual Studio Solution File, Format Version 12.00
# Visual Studio Version 17
VisualStudioVersion = 17.0.31903.59
MinimumVisualStudioVersion = 10.0.40219.1
Project("{2150E333-8FDC-42A3-9474-1A3956D46DE8}") = "Seminar01", "Seminar01", "{77182954-2C2B-4BB6-A54E-19849079019B}"
EndProject
Project("{9A19103F-16F7-4668-BE54-9A1E7A4F7556}") = "Examples001", "Seminar01\Examples001\Examples001.csproj", "{449CC1AC-E5D7-46B2-BED4-25180DDC2B1E}"
EndProject
Project("{9A19103F-16F7-4668-BE54-9A1E7A4F7556}") = "Examples002", "Seminar01\Examples002\Examples002.csproj", "{60A6EDBD-6038-4700-92DA-981925D0AF17}"
EndProject
Project("{9A19103F-16F7-4668-BE54-9A1E7A4F7556}") = "Examples003", "Seminar01\Examples003\Examples003.csproj", "{1C75B531-8120-449D-AF87-1296EA428760}"
EndProject
Project("{9A19103F-16F7-4668-BE54-9A1E7A4F7556}") = "Examples004", "Seminar01\Examples004\Examples004.csproj", "{6C596C4B-4FAE-482C-BE1D-CE05CBB02F25}"
EndProject
Project("{9A19103F-16F7-4668-BE54-9A1E7A4F7556}") = "Examples005", "Seminar01\Examples005\Examples005.csproj", "{EB4F4871-85EA-4048-9F49-444901259D70}"
EndProject
Project("{2150E333-8FDC-42A3-9474-1A3956D46DE8}") = "Seminar02", "Seminar02", "{5CE9D7F7-0A15-4BEC-AAD0-7E4E36E8D34F}"
EndProject
Project("{9A19103F-16F7-4668-BE54-9A1E7A4F7556}") = "Example01", "Seminar02\Example01\Example01.csproj", "{D90FAA00-D384-4C5C-A530-DFEC7DFB90C6}"
EndProject
Project("{9A19103F-16F7-4668-BE54-9A1E7A4F7556}") = "Example02", "Seminar02\Example02\Example02.csproj", "{1402E8F3-B2B1-4C08-B0A8-7121B3CC7FFC}"
EndProject
Project("{9A19103F-16F7-4668-BE54-9A1E7A4F7556}") = "Example03", "Seminar02\Example03\Example03.csproj", "{18149E5F-4472-4E7E-BDC5-ED1A9B8086C5}"
EndProject
Project("{9A19103F-16F7-4668-BE54-9A1E7A4F7556}") = "Example04", "Seminar02\Example04\Example04.csproj", "{279D6FE9-B6AE-439D-B969-2087878B03F6}"
EndProject
Project("{9A19103F-16F7-4668-BE54-9A1E7A4F7556}") = "Example05", "Seminar02\Example05\Example05.csproj", "{D28C2907-57EE-4E4A-BD48-22F6EE20202D}"
EndProject
Project("{2150E333-8FDC-42A3-9474-1A3956D46DE8}") = "Seminar03", "Seminar03", "{AEA83D39-A16F-490D-8E05-DBCA0419D7EA}"
EndProject
Project("{9A19103F-16F7-4668-BE54-9A1E7A4F7556}") = "Example_01", "Seminar03\Example_01\Example_01.csproj", "{DBE7F3CC-FB44-4A82-BFB3-36C5BD2DBE5C}"
EndProject
Project("{9A19103F-16F7-4668-BE54-9A1E7A4F7556}") = "Example_02", "Seminar03\Example_02\Example_02.csproj", "{F8FFC0B7-2600-4E13-8EE9-6EB0A4B66659}"
EndProject
Project("{9A19103F-16F7-4668-BE54-9A1E7A4F7556}") = "Example_03", "Seminar03\Example_03\Example_03.csproj", "{23A1E5E2-4098-4C20-8382-D50612A69270}"
EndProject
Project("{9A19103F-16F7-4668-BE54-9A1E7A4F7556}") = "Example_04", "Seminar03\Example_04\Example_04.csproj", "{B7886DF3-40A8-4682-9667-AC4F46EAA62A}"
EndProject
Project("{2150E333-8FDC-42A3-9474-1A3956D46DE8}") = "Seminar04", "Seminar04", "{FCB1051E-9051-4ABF-B33A-99E8A8EEA97F}"
EndProject
Project("{9A19103F-16F7-4668-BE54-9A1E7A4F7556}") = "Example_01", "Seminar04\Example_01\Example_01.csproj", "{4E1758C8-3CF3-4187-9542-2A15436B1DA7}"
EndProject
Project("{9A19103F-16F7-4668-BE54-9A1E7A4F7556}") = "Example_02", "Seminar04\Example_02\Example_02.csproj", "{80C271FC-725A-4DA0-A318-8FB8FB86CF1C}"
EndProject
Project("{9A19103F-16F7-4668-BE54-9A1E7A4F7556}") = "Example_03", "Seminar04\Example_03\Example_03.csproj", "{6643F7DF-6733-4C44-82B5-760ACD7E4DD8}"
EndProject
Project("{9A19103F-16F7-4668-BE54-9A1E7A4F7556}") = "Example_04", "Seminar04\Example_04\Example_04.csproj", "{E8DA97CD-4884-4586-A593-3E53D9CA5132}"
EndProject
Project("{2150E333-8FDC-42A3-9474-1A3956D46DE8}") = "Seminar05", "Seminar05", "{3915EEB7-FE22-4444-95EE-2506EE697BB2}"
EndProject
Project("{9A19103F-16F7-4668-BE54-9A1E7A4F7556}") = "Example_01", "Seminar05\Example_01\Example_01.csproj", "{30B82D2C-F8E6-4A52-B16A-8934218607C8}"
EndProject
Project("{9A19103F-16F7-4668-BE54-9A1E7A4F7556}") = "Example_02", "Seminar05\Example_02\Example_02.csproj", "{1ABDE78B-E0B6-4E36-A83F-59F22B3B290D}"
EndProject
Project("{9A19103F-16F7-4668-BE54-9A1E7A4F7556}") = "Example_03", "Seminar05\Example_03\Example_03.csproj", "{FEBDB918-835A-4B88-8B92-83047A2308FB}"
EndProject
Project("{9A19103F-16F7-4668-BE54-9A1E7A4F7556}") = "Example_04", "Seminar05\Example_04\Example_04.csproj", "{1BBA1DAF-7496-46CC-BC2B-35E366CB61C4}"
EndProject
Project("{9A19103F-16F7-4668-BE54-9A1E7A4F7556}") = "Example_05", "Seminar05\Example_05\Example_05.csproj", "{66E14A90-EDAC-4F85-B0DF-EFB820C72811}"
EndProject
Project("{2150E333-8FDC-42A3-9474-1A3956D46DE8}") = "Seminar06", "Seminar06", "{6E8808FE-6CD6-4C67-B772-A8BCB37DA020}"
EndProject
Project("{9A19103F-16F7-4668-BE54-9A1E7A4F7556}") = "Example_01", "Seminar06\Example_01\Example_01.csproj", "{36689775-DA47-43BF-B57F-B290B9DEDAAD}"
EndProject
Project("{9A19103F-16F7-4668-BE54-9A1E7A4F7556}") = "Example_02", "Seminar06\Example_02\Example_02.csproj", "{4D4AAFE0-7400-4889-A5DA-376CE4D1EAEE}"
EndProject
Project("{9A19103F-16F7-4668-BE54-9A1E7A4F7556}") = "Example_03", "Seminar06\Example_03\Example_03.csproj", "{857B9574-0EF7-453B-B502-8F04401914D9}"
EndProject
Project("{9A19103F-16F7-4668-BE54-9A1E7A4F7556}") = "Example_04", "Seminar06\Example_04\Example_04.csproj", "{BF4B6409-F805-48B4-B7E1-F8DF883213E1}"
EndProject
Project("{9A19103F-16F7-4668-BE54-9A1E7A4F7556}") = "Example_05", "Seminar06\Example_05\Example_05.csproj", "{5F646282-536E-499F-8E69-AEF50916E085}"
EndProject
Project("{9A19103F-16F7-4668-BE54-9A1E7A4F7556}") = "Example_06", "Seminar06\Example_06\Example_06.csproj", "{84C516C3-855B-4446-AD56-443EBFC8C1EA}"
EndProject
Project("{2150E333-8FDC-42A3-9474-1A3956D46DE8}") = "Seminar07", "Seminar07", "{525D4752-5984-454E-B5BF-16D7EC6BFF90}"
EndProject
Project("{9A19103F-16F7-4668-BE54-9A1E7A4F7556}") = "Example01", "Seminar07\Example01\Example01.csproj", "{A526CD91-72D0-44AC-8156-084722156A08}"
EndProject
Project("{9A19103F-16F7-4668-BE54-9A1E7A4F7556}") = "Example02", "Seminar07\Example02\Example02.csproj", "{E20F730B-C858-459C-AFB7-1142E875D77E}"
EndProject
Project("{9A19103F-16F7-4668-BE54-9A1E7A4F7556}") = "Example03", "Seminar07\Example03\Example03.csproj", "{DA457BE0-D6ED-4565-BA46-795A4C013679}"
EndProject
Project("{9A19103F-16F7-4668-BE54-9A1E7A4F7556}") = "Example04", "Seminar07\Example04\Example04.csproj", "{96905944-9EEE-4B65-B0B4-B97864E05A45}"
EndProject
Project("{2150E333-8FDC-42A3-9474-1A3956D46DE8}") = "Seminar08", "Seminar08", "{414F2A34-3303-4064-A1B8-48C82EDC288E}"
EndProject
Project("{FAE04EC0-301F-11D3-BF4B-00C04F79EFBC}") = "Example01", "Seminar08\Example01\Example01.csproj", "{148F8A6E-0EBA-4314-9F52-F73F2849003D}"
EndProject
Project("{FAE04EC0-301F-11D3-BF4B-00C04F79EFBC}") = "Example02", "Seminar08\Example02\Example02.csproj", "{52CAA4E0-5879-415E-A4BD-302A0A7B02C7}"
EndProject
Project("{FAE04EC0-301F-11D3-BF4B-00C04F79EFBC}") = "Example03", "Seminar08\Example03\Example03.csproj", "{3333B8BD-A19A-40A3-B417-27E8A60A4021}"
EndProject
Project("{FAE04EC0-301F-11D3-BF4B-00C04F79EFBC}") = "Example04", "Seminar08\Example04\Example04.csproj", "{690FDC0E-9601-4300-AEBE-F99080C12D10}"
EndProject
Project("{FAE04EC0-301F-11D3-BF4B-00C04F79EFBC}") = "Example05", "Seminar08\Example05\Example05.csproj", "{5884EE55-AEF8-46BF-9412-D3DAE86FD882}"
EndProject
Project("{FAE04EC0-301F-11D3-BF4B-00C04F79EFBC}") = "Example06", "Seminar08\Example06\Example06.csproj", "{349FB850-3DD7-4A6C-AEF9-D440458785E3}"
EndProject
Global
	GlobalSection(SolutionConfigurationPlatforms) = preSolution
		Debug|Any CPU = Debug|Any CPU
		Release|Any CPU = Release|Any CPU
	EndGlobalSection
	GlobalSection(ProjectConfigurationPlatforms) = postSolution
		{449CC1AC-E5D7-46B2-BED4-25180DDC2B1E}.Debug|Any CPU.ActiveCfg = Debug|Any CPU
		{449CC1AC-E5D7-46B2-BED4-25180DDC2B1E}.Debug|Any CPU.Build.0 = Debug|Any CPU
		{449CC1AC-E5D7-46B2-BED4-25180DDC2B1E}.Release|Any CPU.ActiveCfg = Release|Any CPU
		{449CC1AC-E5D7-46B2-BED4-25180DDC2B1E}.Release|Any CPU.Build.0 = Release|Any CPU
		{60A6EDBD-6038-4700-92DA-981925D0AF17}.Debug|Any CPU.ActiveCfg = Debug|Any CPU
		{60A6EDBD-6038-4700-92DA-981925D0AF17}.Debug|Any CPU.Build.0 = Debug|Any CPU
		{60A6EDBD-6038-4700-92DA-981925D0AF17}.Release|Any CPU.ActiveCfg = Release|Any CPU
		{60A6EDBD-6038-4700-92DA-981925D0AF17}.Release|Any CPU.Build.0 = Release|Any CPU
		{1C75B531-8120-449D-AF87-1296EA428760}.Debug|Any CPU.ActiveCfg = Debug|Any CPU
		{1C75B531-8120-449D-AF87-1296EA428760}.Debug|Any CPU.Build.0 = Debug|Any CPU
		{1C75B531-8120-449D-AF87-1296EA428760}.Release|Any CPU.ActiveCfg = Release|Any CPU
		{1C75B531-8120-449D-AF87-1296EA428760}.Release|Any CPU.Build.0 = Release|Any CPU
		{6C596C4B-4FAE-482C-BE1D-CE05CBB02F25}.Debug|Any CPU.ActiveCfg = Debug|Any CPU
		{6C596C4B-4FAE-482C-BE1D-CE05CBB02F25}.Debug|Any CPU.Build.0 = Debug|Any CPU
		{6C596C4B-4FAE-482C-BE1D-CE05CBB02F25}.Release|Any CPU.ActiveCfg = Release|Any CPU
		{6C596C4B-4FAE-482C-BE1D-CE05CBB02F25}.Release|Any CPU.Build.0 = Release|Any CPU
		{EB4F4871-85EA-4048-9F49-444901259D70}.Debug|Any CPU.ActiveCfg = Debug|Any CPU
		{EB4F4871-85EA-4048-9F49-444901259D70}.Debug|Any CPU.Build.0 = Debug|Any CPU
		{EB4F4871-85EA-4048-9F49-444901259D70}.Release|Any CPU.ActiveCfg = Release|Any CPU
		{EB4F4871-85EA-4048-9F49-444901259D70}.Release|Any CPU.Build.0 = Release|Any CPU
		{D90FAA00-D384-4C5C-A530-DFEC7DFB90C6}.Debug|Any CPU.ActiveCfg = Debug|Any CPU
		{D90FAA00-D384-4C5C-A530-DFEC7DFB90C6}.Debug|Any CPU.Build.0 = Debug|Any CPU
		{D90FAA00-D384-4C5C-A530-DFEC7DFB90C6}.Release|Any CPU.ActiveCfg = Release|Any CPU
		{D90FAA00-D384-4C5C-A530-DFEC7DFB90C6}.Release|Any CPU.Build.0 = Release|Any CPU
		{1402E8F3-B2B1-4C08-B0A8-7121B3CC7FFC}.Debug|Any CPU.ActiveCfg = Debug|Any CPU
		{1402E8F3-B2B1-4C08-B0A8-7121B3CC7FFC}.Debug|Any CPU.Build.0 = Debug|Any CPU
		{1402E8F3-B2B1-4C08-B0A8-7121B3CC7FFC}.Release|Any CPU.ActiveCfg = Release|Any CPU
		{1402E8F3-B2B1-4C08-B0A8-7121B3CC7FFC}.Release|Any CPU.Build.0 = Release|Any CPU
		{18149E5F-4472-4E7E-BDC5-ED1A9B8086C5}.Debug|Any CPU.ActiveCfg = Debug|Any CPU
		{18149E5F-4472-4E7E-BDC5-ED1A9B8086C5}.Debug|Any CPU.Build.0 = Debug|Any CPU
		{18149E5F-4472-4E7E-BDC5-ED1A9B8086C5}.Release|Any CPU.ActiveCfg = Release|Any CPU
		{18149E5F-4472-4E7E-BDC5-ED1A9B8086C5}.Release|Any CPU.Build.0 = Release|Any CPU
		{279D6FE9-B6AE-439D-B969-2087878B03F6}.Debug|Any CPU.ActiveCfg = Debug|Any CPU
		{279D6FE9-B6AE-439D-B969-2087878B03F6}.Debug|Any CPU.Build.0 = Debug|Any CPU
		{279D6FE9-B6AE-439D-B969-2087878B03F6}.Release|Any CPU.ActiveCfg = Release|Any CPU
		{279D6FE9-B6AE-439D-B969-2087878B03F6}.Release|Any CPU.Build.0 = Release|Any CPU
		{D28C2907-57EE-4E4A-BD48-22F6EE20202D}.Debug|Any CPU.ActiveCfg = Debug|Any CPU
		{D28C2907-57EE-4E4A-BD48-22F6EE20202D}.Debug|Any CPU.Build.0 = Debug|Any CPU
		{D28C2907-57EE-4E4A-BD48-22F6EE20202D}.Release|Any CPU.ActiveCfg = Release|Any CPU
		{D28C2907-57EE-4E4A-BD48-22F6EE20202D}.Release|Any CPU.Build.0 = Release|Any CPU
		{DBE7F3CC-FB44-4A82-BFB3-36C5BD2DBE5C}.Debug|Any CPU.ActiveCfg = Debug|Any CPU
		{DBE7F3CC-FB44-4A82-BFB3-36C5BD2DBE5C}.Debug|Any CPU.Build.0 = Debug|Any CPU
		{DBE7F3CC-FB44-4A82-BFB3-36C5BD2DBE5C}.Release|Any CPU.ActiveCfg = Release|Any CPU
		{DBE7F3CC-FB44-4A82-BFB3-36C5BD2DBE5C}.Release|Any CPU.Build.0 = Release|Any CPU
		{F8FFC0B7-2600-4E13-8EE9-6EB0A4B66659}.Debug|Any CPU.ActiveCfg = Debug|Any CPU
		{F8FFC0B7-2600-4E13-8EE9-6EB0A4B66659}.Debug|Any CPU.Build.0 = Debug|Any CPU
		{F8FFC0B7-2600-4E13-8EE9-6EB0A4B66659}.Release|Any CPU.ActiveCfg = Release|Any CPU
		{F8FFC0B7-2600-4E13-8EE9-6EB0A4B66659}.Release|Any CPU.Build.0 = Release|Any CPU
		{23A1E5E2-4098-4C20-8382-D50612A69270}.Debug|Any CPU.ActiveCfg = Debug|Any CPU
		{23A1E5E2-4098-4C20-8382-D50612A69270}.Debug|Any CPU.Build.0 = Debug|Any CPU
		{23A1E5E2-4098-4C20-8382-D50612A69270}.Release|Any CPU.ActiveCfg = Release|Any CPU
		{23A1E5E2-4098-4C20-8382-D50612A69270}.Release|Any CPU.Build.0 = Release|Any CPU
		{B7886DF3-40A8-4682-9667-AC4F46EAA62A}.Debug|Any CPU.ActiveCfg = Debug|Any CPU
		{B7886DF3-40A8-4682-9667-AC4F46EAA62A}.Debug|Any CPU.Build.0 = Debug|Any CPU
		{B7886DF3-40A8-4682-9667-AC4F46EAA62A}.Release|Any CPU.ActiveCfg = Release|Any CPU
		{B7886DF3-40A8-4682-9667-AC4F46EAA62A}.Release|Any CPU.Build.0 = Release|Any CPU
		{4E1758C8-3CF3-4187-9542-2A15436B1DA7}.Debug|Any CPU.ActiveCfg = Debug|Any CPU
		{4E1758C8-3CF3-4187-9542-2A15436B1DA7}.Debug|Any CPU.Build.0 = Debug|Any CPU
		{4E1758C8-3CF3-4187-9542-2A15436B1DA7}.Release|Any CPU.ActiveCfg = Release|Any CPU
		{4E1758C8-3CF3-4187-9542-2A15436B1DA7}.Release|Any CPU.Build.0 = Release|Any CPU
		{80C271FC-725A-4DA0-A318-8FB8FB86CF1C}.Debug|Any CPU.ActiveCfg = Debug|Any CPU
		{80C271FC-725A-4DA0-A318-8FB8FB86CF1C}.Debug|Any CPU.Build.0 = Debug|Any CPU
		{80C271FC-725A-4DA0-A318-8FB8FB86CF1C}.Release|Any CPU.ActiveCfg = Release|Any CPU
		{80C271FC-725A-4DA0-A318-8FB8FB86CF1C}.Release|Any CPU.Build.0 = Release|Any CPU
		{6643F7DF-6733-4C44-82B5-760ACD7E4DD8}.Debug|Any CPU.ActiveCfg = Debug|Any CPU
		{6643F7DF-6733-4C44-82B5-760ACD7E4DD8}.Debug|Any CPU.Build.0 = Debug|Any CPU
		{6643F7DF-6733-4C44-82B5-760ACD7E4DD8}.Release|Any CPU.ActiveCfg = Release|Any CPU
		{6643F7DF-6733-4C44-82B5-760ACD7E4DD8}.Release|Any CPU.Build.0 = Release|Any CPU
		{E8DA97CD-4884-4586-A593-3E53D9CA5132}.Debug|Any CPU.ActiveCfg = Debug|Any CPU
		{E8DA97CD-4884-4586-A593-3E53D9CA5132}.Debug|Any CPU.Build.0 = Debug|Any CPU
		{E8DA97CD-4884-4586-A593-3E53D9CA5132}.Release|Any CPU.ActiveCfg = Release|Any CPU
		{E8DA97CD-4884-4586-A593-3E53D9CA5132}.Release|Any CPU.Build.0 = Release|Any CPU
		{30B82D2C-F8E6-4A52-B16A-8934218607C8}.Debug|Any CPU.ActiveCfg = Debug|Any CPU
		{30B82D2C-F8E6-4A52-B16A-8934218607C8}.Debug|Any CPU.Build.0 = Debug|Any CPU
		{30B82D2C-F8E6-4A52-B16A-8934218607C8}.Release|Any CPU.ActiveCfg = Release|Any CPU
		{30B82D2C-F8E6-4A52-B16A-8934218607C8}.Release|Any CPU.Build.0 = Release|Any CPU
		{1ABDE78B-E0B6-4E36-A83F-59F22B3B290D}.Debug|Any CPU.ActiveCfg = Debug|Any CPU
		{1ABDE78B-E0B6-4E36-A83F-59F22B3B290D}.Debug|Any CPU.Build.0 = Debug|Any CPU
		{1ABDE78B-E0B6-4E36-A83F-59F22B3B290D}.Release|Any CPU.ActiveCfg = Release|Any CPU
		{1ABDE78B-E0B6-4E36-A83F-59F22B3B290D}.Release|Any CPU.Build.0 = Release|Any CPU
		{FEBDB918-835A-4B88-8B92-83047A2308FB}.Debug|Any CPU.ActiveCfg = Debug|Any CPU
		{FEBDB918-835A-4B88-8B92-83047A2308FB}.Debug|Any CPU.Build.0 = Debug|Any CPU
		{FEBDB918-835A-4B88-8B92-83047A2308FB}.Release|Any CPU.ActiveCfg = Release|Any CPU
		{FEBDB918-835A-4B88-8B92-83047A2308FB}.Release|Any CPU.Build.0 = Release|Any CPU
		{1BBA1DAF-7496-46CC-BC2B-35E366CB61C4}.Debug|Any CPU.ActiveCfg = Debug|Any CPU
		{1BBA1DAF-7496-46CC-BC2B-35E366CB61C4}.Debug|Any CPU.Build.0 = Debug|Any CPU
		{1BBA1DAF-7496-46CC-BC2B-35E366CB61C4}.Release|Any CPU.ActiveCfg = Release|Any CPU
		{1BBA1DAF-7496-46CC-BC2B-35E366CB61C4}.Release|Any CPU.Build.0 = Release|Any CPU
		{66E14A90-EDAC-4F85-B0DF-EFB820C72811}.Debug|Any CPU.ActiveCfg = Debug|Any CPU
		{66E14A90-EDAC-4F85-B0DF-EFB820C72811}.Debug|Any CPU.Build.0 = Debug|Any CPU
		{66E14A90-EDAC-4F85-B0DF-EFB820C72811}.Release|Any CPU.ActiveCfg = Release|Any CPU
		{66E14A90-EDAC-4F85-B0DF-EFB820C72811}.Release|Any CPU.Build.0 = Release|Any CPU
		{36689775-DA47-43BF-B57F-B290B9DEDAAD}.Debug|Any CPU.ActiveCfg = Debug|Any CPU
		{36689775-DA47-43BF-B57F-B290B9DEDAAD}.Debug|Any CPU.Build.0 = Debug|Any CPU
		{36689775-DA47-43BF-B57F-B290B9DEDAAD}.Release|Any CPU.ActiveCfg = Release|Any CPU
		{36689775-DA47-43BF-B57F-B290B9DEDAAD}.Release|Any CPU.Build.0 = Release|Any CPU
		{4D4AAFE0-7400-4889-A5DA-376CE4D1EAEE}.Debug|Any CPU.ActiveCfg = Debug|Any CPU
		{4D4AAFE0-7400-4889-A5DA-376CE4D1EAEE}.Debug|Any CPU.Build.0 = Debug|Any CPU
		{4D4AAFE0-7400-4889-A5DA-376CE4D1EAEE}.Release|Any CPU.ActiveCfg = Release|Any CPU
		{4D4AAFE0-7400-4889-A5DA-376CE4D1EAEE}.Release|Any CPU.Build.0 = Release|Any CPU
		{857B9574-0EF7-453B-B502-8F04401914D9}.Debug|Any CPU.ActiveCfg = Debug|Any CPU
		{857B9574-0EF7-453B-B502-8F04401914D9}.Debug|Any CPU.Build.0 = Debug|Any CPU
		{857B9574-0EF7-453B-B502-8F04401914D9}.Release|Any CPU.ActiveCfg = Release|Any CPU
		{857B9574-0EF7-453B-B502-8F04401914D9}.Release|Any CPU.Build.0 = Release|Any CPU
		{BF4B6409-F805-48B4-B7E1-F8DF883213E1}.Debug|Any CPU.ActiveCfg = Debug|Any CPU
		{BF4B6409-F805-48B4-B7E1-F8DF883213E1}.Debug|Any CPU.Build.0 = Debug|Any CPU
		{BF4B6409-F805-48B4-B7E1-F8DF883213E1}.Release|Any CPU.ActiveCfg = Release|Any CPU
		{BF4B6409-F805-48B4-B7E1-F8DF883213E1}.Release|Any CPU.Build.0 = Release|Any CPU
		{5F646282-536E-499F-8E69-AEF50916E085}.Debug|Any CPU.ActiveCfg = Debug|Any CPU
		{5F646282-536E-499F-8E69-AEF50916E085}.Debug|Any CPU.Build.0 = Debug|Any CPU
		{5F646282-536E-499F-8E69-AEF50916E085}.Release|Any CPU.ActiveCfg = Release|Any CPU
		{5F646282-536E-499F-8E69-AEF50916E085}.Release|Any CPU.Build.0 = Release|Any CPU
		{84C516C3-855B-4446-AD56-443EBFC8C1EA}.Debug|Any CPU.ActiveCfg = Debug|Any CPU
		{84C516C3-855B-4446-AD56-443EBFC8C1EA}.Debug|Any CPU.Build.0 = Debug|Any CPU
		{84C516C3-855B-4446-AD56-443EBFC8C1EA}.Release|Any CPU.ActiveCfg = Release|Any CPU
		{84C516C3-855B-4446-AD56-443EBFC8C1EA}.Release|Any CPU.Build.0 = Release|Any CPU
		{A526CD91-72D0-44AC-8156-084722156A08}.Debug|Any CPU.ActiveCfg = Debug|Any CPU
		{A526CD91-72D0-44AC-8156-084722156A08}.Debug|Any CPU.Build.0 = Debug|Any CPU
		{A526CD91-72D0-44AC-8156-084722156A08}.Release|Any CPU.ActiveCfg = Release|Any CPU
		{A526CD91-72D0-44AC-8156-084722156A08}.Release|Any CPU.Build.0 = Release|Any CPU
		{E20F730B-C858-459C-AFB7-1142E875D77E}.Debug|Any CPU.ActiveCfg = Debug|Any CPU
		{E20F730B-C858-459C-AFB7-1142E875D77E}.Debug|Any CPU.Build.0 = Debug|Any CPU
		{E20F730B-C858-459C-AFB7-1142E875D77E}.Release|Any CPU.ActiveCfg = Release|Any CPU
		{E20F730B-C858-459C-AFB7-1142E875D77E}.Release|Any CPU.Build.0 = Release|Any CPU
		{DA457BE0-D6ED-4565-BA46-795A4C013679}.Debug|Any CPU.ActiveCfg = Debug|Any CPU
		{DA457BE0-D6ED-4565-BA46-795A4C013679}.Debug|Any CPU.Build.0 = Debug|Any CPU
		{DA457BE0-D6ED-4565-BA46-795A4C013679}.Release|Any CPU.ActiveCfg = Release|Any CPU
		{DA457BE0-D6ED-4565-BA46-795A4C013679}.Release|Any CPU.Build.0 = Release|Any CPU
		{96905944-9EEE-4B65-B0B4-B97864E05A45}.Debug|Any CPU.ActiveCfg = Debug|Any CPU
		{96905944-9EEE-4B65-B0B4-B97864E05A45}.Debug|Any CPU.Build.0 = Debug|Any CPU
		{96905944-9EEE-4B65-B0B4-B97864E05A45}.Release|Any CPU.ActiveCfg = Release|Any CPU
		{96905944-9EEE-4B65-B0B4-B97864E05A45}.Release|Any CPU.Build.0 = Release|Any CPU
		{148F8A6E-0EBA-4314-9F52-F73F2849003D}.Debug|Any CPU.ActiveCfg = Debug|Any CPU
		{148F8A6E-0EBA-4314-9F52-F73F2849003D}.Debug|Any CPU.Build.0 = Debug|Any CPU
		{148F8A6E-0EBA-4314-9F52-F73F2849003D}.Release|Any CPU.ActiveCfg = Release|Any CPU
		{148F8A6E-0EBA-4314-9F52-F73F2849003D}.Release|Any CPU.Build.0 = Release|Any CPU
		{52CAA4E0-5879-415E-A4BD-302A0A7B02C7}.Debug|Any CPU.ActiveCfg = Debug|Any CPU
		{52CAA4E0-5879-415E-A4BD-302A0A7B02C7}.Debug|Any CPU.Build.0 = Debug|Any CPU
		{52CAA4E0-5879-415E-A4BD-302A0A7B02C7}.Release|Any CPU.ActiveCfg = Release|Any CPU
		{52CAA4E0-5879-415E-A4BD-302A0A7B02C7}.Release|Any CPU.Build.0 = Release|Any CPU
		{3333B8BD-A19A-40A3-B417-27E8A60A4021}.Debug|Any CPU.ActiveCfg = Debug|Any CPU
		{3333B8BD-A19A-40A3-B417-27E8A60A4021}.Debug|Any CPU.Build.0 = Debug|Any CPU
		{3333B8BD-A19A-40A3-B417-27E8A60A4021}.Release|Any CPU.ActiveCfg = Release|Any CPU
		{3333B8BD-A19A-40A3-B417-27E8A60A4021}.Release|Any CPU.Build.0 = Release|Any CPU
		{690FDC0E-9601-4300-AEBE-F99080C12D10}.Debug|Any CPU.ActiveCfg = Debug|Any CPU
		{690FDC0E-9601-4300-AEBE-F99080C12D10}.Debug|Any CPU.Build.0 = Debug|Any CPU
		{690FDC0E-9601-4300-AEBE-F99080C12D10}.Release|Any CPU.ActiveCfg = Release|Any CPU
		{690FDC0E-9601-4300-AEBE-F99080C12D10}.Release|Any CPU.Build.0 = Release|Any CPU
		{5884EE55-AEF8-46BF-9412-D3DAE86FD882}.Debug|Any CPU.ActiveCfg = Debug|Any CPU
		{5884EE55-AEF8-46BF-9412-D3DAE86FD882}.Debug|Any CPU.Build.0 = Debug|Any CPU
		{5884EE55-AEF8-46BF-9412-D3DAE86FD882}.Release|Any CPU.ActiveCfg = Release|Any CPU
		{5884EE55-AEF8-46BF-9412-D3DAE86FD882}.Release|Any CPU.Build.0 = Release|Any CPU
		{349FB850-3DD7-4A6C-AEF9-D440458785E3}.Debug|Any CPU.ActiveCfg = Debug|Any CPU
		{349FB850-3DD7-4A6C-AEF9-D440458785E3}.Debug|Any CPU.Build.0 = Debug|Any CPU
		{349FB850-3DD7-4A6C-AEF9-D440458785E3}.Release|Any CPU.ActiveCfg = Release|Any CPU
		{349FB850-3DD7-4A6C-AEF9-D440458785E3}.Release|Any CPU.Build.0 = Release|Any CPU
	EndGlobalSection
	GlobalSection(SolutionProperties) = preSolution
		HideSolutionNode = FALSE
	EndGlobalSection
	GlobalSection(NestedProjects) = preSolution
		{449CC1AC-E5D7-46B2-BED4-25180DDC2B1E} = {77182954-2C2B-4BB6-A54E-19849079019B}
		{60A6EDBD-6038-4700-92DA-981925D0AF17} = {77182954-2C2B-4BB6-A54E-19849079019B}
		{1C75B531-8120-449D-AF87-1296EA428760} = {77182954-2C2B-4BB6-A54E-19849079019B}
		{6C596C4B-4FAE-482C-BE1D-CE05CBB02F25} = {77182954-2C2B-4BB6-A54E-19849079019B}
		{EB4F4871-85EA-4048-9F49-444901259D70} = {77182954-2C2B-4BB6-A54E-19849079019B}
		{D90FAA00-D384-4C5C-A530-DFEC7DFB90C6} = {5CE9D7F7-0A15-4BEC-AAD0-7E4E36E8D34F}
		{1402E8F3-B2B1-4C08-B0A8-7121B3CC7FFC} = {5CE9D7F7-0A15-4BEC-AAD0-7E4E36E8D34F}
		{18149E5F-4472-4E7E-BDC5-ED1A9B8086C5} = {5CE9D7F7-0A15-4BEC-AAD0-7E4E36E8D34F}
		{279D6FE9-B6AE-439D-B969-2087878B03F6} = {5CE9D7F7-0A15-4BEC-AAD0-7E4E36E8D34F}
		{D28C2907-57EE-4E4A-BD48-22F6EE20202D} = {5CE9D7F7-0A15-4BEC-AAD0-7E4E36E8D34F}
		{DBE7F3CC-FB44-4A82-BFB3-36C5BD2DBE5C} = {AEA83D39-A16F-490D-8E05-DBCA0419D7EA}
		{F8FFC0B7-2600-4E13-8EE9-6EB0A4B66659} = {AEA83D39-A16F-490D-8E05-DBCA0419D7EA}
		{23A1E5E2-4098-4C20-8382-D50612A69270} = {AEA83D39-A16F-490D-8E05-DBCA0419D7EA}
		{B7886DF3-40A8-4682-9667-AC4F46EAA62A} = {AEA83D39-A16F-490D-8E05-DBCA0419D7EA}
		{4E1758C8-3CF3-4187-9542-2A15436B1DA7} = {FCB1051E-9051-4ABF-B33A-99E8A8EEA97F}
		{80C271FC-725A-4DA0-A318-8FB8FB86CF1C} = {FCB1051E-9051-4ABF-B33A-99E8A8EEA97F}
		{6643F7DF-6733-4C44-82B5-760ACD7E4DD8} = {FCB1051E-9051-4ABF-B33A-99E8A8EEA97F}
		{E8DA97CD-4884-4586-A593-3E53D9CA5132} = {FCB1051E-9051-4ABF-B33A-99E8A8EEA97F}
		{30B82D2C-F8E6-4A52-B16A-8934218607C8} = {3915EEB7-FE22-4444-95EE-2506EE697BB2}
		{1ABDE78B-E0B6-4E36-A83F-59F22B3B290D} = {3915EEB7-FE22-4444-95EE-2506EE697BB2}
		{FEBDB918-835A-4B88-8B92-83047A2308FB} = {3915EEB7-FE22-4444-95EE-2506EE697BB2}
		{1BBA1DAF-7496-46CC-BC2B-35E366CB61C4} = {3915EEB7-FE22-4444-95EE-2506EE697BB2}
		{66E14A90-EDAC-4F85-B0DF-EFB820C72811} = {3915EEB7-FE22-4444-95EE-2506EE697BB2}
		{36689775-DA47-43BF-B57F-B290B9DEDAAD} = {6E8808FE-6CD6-4C67-B772-A8BCB37DA020}
		{4D4AAFE0-7400-4889-A5DA-376CE4D1EAEE} = {6E8808FE-6CD6-4C67-B772-A8BCB37DA020}
		{857B9574-0EF7-453B-B502-8F04401914D9} = {6E8808FE-6CD6-4C67-B772-A8BCB37DA020}
		{BF4B6409-F805-48B4-B7E1-F8DF883213E1} = {6E8808FE-6CD6-4C67-B772-A8BCB37DA020}
		{5F646282-536E-499F-8E69-AEF50916E085} = {6E8808FE-6CD6-4C67-B772-A8BCB37DA020}
		{84C516C3-855B-4446-AD56-443EBFC8C1EA} = {6E8808FE-6CD6-4C67-B772-A8BCB37DA020}
		{A526CD91-72D0-44AC-8156-084722156A08} = {525D4752-5984-454E-B5BF-16D7EC6BFF90}
		{E20F730B-C858-459C-AFB7-1142E875D77E} = {525D4752-5984-454E-B5BF-16D7EC6BFF90}
		{DA457BE0-D6ED-4565-BA46-795A4C013679} = {525D4752-5984-454E-B5BF-16D7EC6BFF90}
		{96905944-9EEE-4B65-B0B4-B97864E05A45} = {525D4752-5984-454E-B5BF-16D7EC6BFF90}
		{148F8A6E-0EBA-4314-9F52-F73F2849003D} = {414F2A34-3303-4064-A1B8-48C82EDC288E}
		{52CAA4E0-5879-415E-A4BD-302A0A7B02C7} = {414F2A34-3303-4064-A1B8-48C82EDC288E}
		{3333B8BD-A19A-40A3-B417-27E8A60A4021} = {414F2A34-3303-4064-A1B8-48C82EDC288E}
		{690FDC0E-9601-4300-AEBE-F99080C12D10} = {414F2A34-3303-4064-A1B8-48C82EDC288E}
		{5884EE55-AEF8-46BF-9412-D3DAE86FD882} = {414F2A34-3303-4064-A1B8-48C82EDC288E}
		{349FB850-3DD7-4A6C-AEF9-D440458785E3} = {414F2A34-3303-4064-A1B8-48C82EDC288E}
	EndGlobalSection
	GlobalSection(ExtensibilityGlobals) = postSolution
		SolutionGuid = {FB86EA14-692C-453C-BA98-1168D7C720FC}
	EndGlobalSection
EndGlobal
