
Microsoft Visual Studio Solution File, Format Version 12.00
# Visual Studio Version 17
VisualStudioVersion = 17.0.31903.59
MinimumVisualStudioVersion = 10.0.40219.1
Project("{9A19103F-16F7-4668-BE54-9A1E7A4F7556}") = "Example01", "Example01\Example01.csproj", "{35D809FB-D1F4-46B4-82DE-5BD18B92F5BB}"
EndProject
Project("{FAE04EC0-301F-11D3-BF4B-00C04F79EFBC}") = "Example02", "Example02\Example02.csproj", "{7EF13C78-7DAB-4111-B306-B6E916FF996F}"
EndProject
Project("{FAE04EC0-301F-11D3-BF4B-00C04F79EFBC}") = "Example03", "Example03\Example03.csproj", "{69F44E43-9D5E-4D85-AA8B-E705034805BB}"
EndProject
Project("{FAE04EC0-301F-11D3-BF4B-00C04F79EFBC}") = "Example04", "Example04\Example04.csproj", "{5F8444C8-871E-443A-B5C9-BD4A68302B65}"
EndProject
Project("{FAE04EC0-301F-11D3-BF4B-00C04F79EFBC}") = "Example05", "Example05\Example05.csproj", "{0E6D805C-6BEC-44F8-A519-160533F3EBCD}"
EndProject
Global
	GlobalSection(SolutionConfigurationPlatforms) = preSolution
		Debug|Any CPU = Debug|Any CPU
		Release|Any CPU = Release|Any CPU
	EndGlobalSection
	GlobalSection(ProjectConfigurationPlatforms) = postSolution
		{35D809FB-D1F4-46B4-82DE-5BD18B92F5BB}.Debug|Any CPU.ActiveCfg = Debug|Any CPU
		{35D809FB-D1F4-46B4-82DE-5BD18B92F5BB}.Debug|Any CPU.Build.0 = Debug|Any CPU
		{35D809FB-D1F4-46B4-82DE-5BD18B92F5BB}.Release|Any CPU.ActiveCfg = Release|Any CPU
		{35D809FB-D1F4-46B4-82DE-5BD18B92F5BB}.Release|Any CPU.Build.0 = Release|Any CPU
		{7EF13C78-7DAB-4111-B306-B6E916FF996F}.Debug|Any CPU.ActiveCfg = Debug|Any CPU
		{7EF13C78-7DAB-4111-B306-B6E916FF996F}.Debug|Any CPU.Build.0 = Debug|Any CPU
		{7EF13C78-7DAB-4111-B306-B6E916FF996F}.Release|Any CPU.ActiveCfg = Release|Any CPU
		{7EF13C78-7DAB-4111-B306-B6E916FF996F}.Release|Any CPU.Build.0 = Release|Any CPU
		{69F44E43-9D5E-4D85-AA8B-E705034805BB}.Debug|Any CPU.ActiveCfg = Debug|Any CPU
		{69F44E43-9D5E-4D85-AA8B-E705034805BB}.Debug|Any CPU.Build.0 = Debug|Any CPU
		{69F44E43-9D5E-4D85-AA8B-E705034805BB}.Release|Any CPU.ActiveCfg = Release|Any CPU
		{69F44E43-9D5E-4D85-AA8B-E705034805BB}.Release|Any CPU.Build.0 = Release|Any CPU
		{5F8444C8-871E-443A-B5C9-BD4A68302B65}.Debug|Any CPU.ActiveCfg = Debug|Any CPU
		{5F8444C8-871E-443A-B5C9-BD4A68302B65}.Debug|Any CPU.Build.0 = Debug|Any CPU
		{5F8444C8-871E-443A-B5C9-BD4A68302B65}.Release|Any CPU.ActiveCfg = Release|Any CPU
		{5F8444C8-871E-443A-B5C9-BD4A68302B65}.Release|Any CPU.Build.0 = Release|Any CPU
		{0E6D805C-6BEC-44F8-A519-160533F3EBCD}.Debug|Any CPU.ActiveCfg = Debug|Any CPU
		{0E6D805C-6BEC-44F8-A519-160533F3EBCD}.Debug|Any CPU.Build.0 = Debug|Any CPU
		{0E6D805C-6BEC-44F8-A519-160533F3EBCD}.Release|Any CPU.ActiveCfg = Release|Any CPU
		{0E6D805C-6BEC-44F8-A519-160533F3EBCD}.Release|Any CPU.Build.0 = Release|Any CPU
	EndGlobalSection
	GlobalSection(SolutionProperties) = preSolution
		HideSolutionNode = FALSE
	EndGlobalSection
	GlobalSection(ExtensibilityGlobals) = postSolution
		SolutionGuid = {96934A3C-3709-4D10-8E9C-879777D9680F}
	EndGlobalSection
EndGlobal
